// !$*UTF8*$!
{
	archiveVersion = 1;
	classes = {
	};
	objectVersion = 46;
	objects = {

/* Begin PBXBuildFile section */
		F71702C41EC226EE00A2E0E4 /* AppDelegate.swift in Sources */ = {isa = PBXBuildFile; fileRef = F71702C31EC226EE00A2E0E4 /* AppDelegate.swift */; };
		F71702C61EC226EE00A2E0E4 /* ViewController.swift in Sources */ = {isa = PBXBuildFile; fileRef = F71702C51EC226EE00A2E0E4 /* ViewController.swift */; };
		F71702C91EC226EE00A2E0E4 /* Main.storyboard in Resources */ = {isa = PBXBuildFile; fileRef = F71702C71EC226EE00A2E0E4 /* Main.storyboard */; };
		F71702CB1EC226EE00A2E0E4 /* Assets.xcassets in Resources */ = {isa = PBXBuildFile; fileRef = F71702CA1EC226EE00A2E0E4 /* Assets.xcassets */; };
		F71702CE1EC226EE00A2E0E4 /* LaunchScreen.storyboard in Resources */ = {isa = PBXBuildFile; fileRef = F71702CC1EC226EE00A2E0E4 /* LaunchScreen.storyboard */; };
		F71702D91EC226EF00A2E0E4 /* QuizTests.swift in Sources */ = {isa = PBXBuildFile; fileRef = F71702D81EC226EF00A2E0E4 /* QuizTests.swift */; };
		F71702E41EC226EF00A2E0E4 /* QuizUITests.swift in Sources */ = {isa = PBXBuildFile; fileRef = F71702E31EC226EF00A2E0E4 /* QuizUITests.swift */; };
/* End PBXBuildFile section */

/* Begin PBXContainerItemProxy section */
		F71702D51EC226EF00A2E0E4 /* PBXContainerItemProxy */ = {
			isa = PBXContainerItemProxy;
			containerPortal = F71702B81EC226EE00A2E0E4 /* Project object */;
			proxyType = 1;
			remoteGlobalIDString = F71702BF1EC226EE00A2E0E4;
			remoteInfo = Quiz;
		};
		F71702E01EC226EF00A2E0E4 /* PBXContainerItemProxy */ = {
			isa = PBXContainerItemProxy;
			containerPortal = F71702B81EC226EE00A2E0E4 /* Project object */;
			proxyType = 1;
			remoteGlobalIDString = F71702BF1EC226EE00A2E0E4;
			remoteInfo = Quiz;
		};
/* End PBXContainerItemProxy section */

/* Begin PBXFileReference section */
		F71702C01EC226EE00A2E0E4 /* Quiz.app */ = {isa = PBXFileReference; explicitFileType = wrapper.application; includeInIndex = 0; path = Quiz.app; sourceTree = BUILT_PRODUCTS_DIR; };
		F71702C31EC226EE00A2E0E4 /* AppDelegate.swift */ = {isa = PBXFileReference; lastKnownFileType = sourcecode.swift; path = AppDelegate.swift; sourceTree = "<group>"; };
		F71702C51EC226EE00A2E0E4 /* ViewController.swift */ = {isa = PBXFileReference; lastKnownFileType = sourcecode.swift; path = ViewController.swift; sourceTree = "<group>"; };
		F71702C81EC226EE00A2E0E4 /* Base */ = {isa = PBXFileReference; lastKnownFileType = file.storyboard; name = Base; path = Base.lproj/Main.storyboard; sourceTree = "<group>"; };
		F71702CA1EC226EE00A2E0E4 /* Assets.xcassets */ = {isa = PBXFileReference; lastKnownFileType = folder.assetcatalog; path = Assets.xcassets; sourceTree = "<group>"; };
		F71702CD1EC226EE00A2E0E4 /* Base */ = {isa = PBXFileReference; lastKnownFileType = file.storyboard; name = Base; path = Base.lproj/LaunchScreen.storyboard; sourceTree = "<group>"; };
		F71702CF1EC226EE00A2E0E4 /* Info.plist */ = {isa = PBXFileReference; lastKnownFileType = text.plist.xml; path = Info.plist; sourceTree = "<group>"; };
		F71702D41EC226EF00A2E0E4 /* QuizTests.xctest */ = {isa = PBXFileReference; explicitFileType = wrapper.cfbundle; includeInIndex = 0; path = QuizTests.xctest; sourceTree = BUILT_PRODUCTS_DIR; };
		F71702D81EC226EF00A2E0E4 /* QuizTests.swift */ = {isa = PBXFileReference; lastKnownFileType = sourcecode.swift; path = QuizTests.swift; sourceTree = "<group>"; };
		F71702DA1EC226EF00A2E0E4 /* Info.plist */ = {isa = PBXFileReference; lastKnownFileType = text.plist.xml; path = Info.plist; sourceTree = "<group>"; };
		F71702DF1EC226EF00A2E0E4 /* QuizUITests.xctest */ = {isa = PBXFileReference; explicitFileType = wrapper.cfbundle; includeInIndex = 0; path = QuizUITests.xctest; sourceTree = BUILT_PRODUCTS_DIR; };
		F71702E31EC226EF00A2E0E4 /* QuizUITests.swift */ = {isa = PBXFileReference; lastKnownFileType = sourcecode.swift; path = QuizUITests.swift; sourceTree = "<group>"; };
		F71702E51EC226EF00A2E0E4 /* Info.plist */ = {isa = PBXFileReference; lastKnownFileType = text.plist.xml; path = Info.plist; sourceTree = "<group>"; };
/* End PBXFileReference section */

/* Begin PBXFrameworksBuildPhase section */
		F71702BD1EC226EE00A2E0E4 /* Frameworks */ = {
			isa = PBXFrameworksBuildPhase;
			buildActionMask = 2147483647;
			files = (
			);
			runOnlyForDeploymentPostprocessing = 0;
		};
		F71702D11EC226EF00A2E0E4 /* Frameworks */ = {
			isa = PBXFrameworksBuildPhase;
			buildActionMask = 2147483647;
			files = (
			);
			runOnlyForDeploymentPostprocessing = 0;
		};
		F71702DC1EC226EF00A2E0E4 /* Frameworks */ = {
			isa = PBXFrameworksBuildPhase;
			buildActionMask = 2147483647;
			files = (
			);
			runOnlyForDeploymentPostprocessing = 0;
		};
/* End PBXFrameworksBuildPhase section */

/* Begin PBXGroup section */
		F71702B71EC226EE00A2E0E4 = {
			isa = PBXGroup;
			children = (
				F71702C21EC226EE00A2E0E4 /* Quiz */,
				F71702D71EC226EF00A2E0E4 /* QuizTests */,
				F71702E21EC226EF00A2E0E4 /* QuizUITests */,
				F71702C11EC226EE00A2E0E4 /* Products */,
			);
			sourceTree = "<group>";
		};
		F71702C11EC226EE00A2E0E4 /* Products */ = {
			isa = PBXGroup;
			children = (
				F71702C01EC226EE00A2E0E4 /* Quiz.app */,
				F71702D41EC226EF00A2E0E4 /* QuizTests.xctest */,
				F71702DF1EC226EF00A2E0E4 /* QuizUITests.xctest */,
			);
			name = Products;
			sourceTree = "<group>";
		};
		F71702C21EC226EE00A2E0E4 /* Quiz */ = {
			isa = PBXGroup;
			children = (
				F71702C31EC226EE00A2E0E4 /* AppDelegate.swift */,
				F71702C51EC226EE00A2E0E4 /* ViewController.swift */,
				F71702C71EC226EE00A2E0E4 /* Main.storyboard */,
				F71702CA1EC226EE00A2E0E4 /* Assets.xcassets */,
				F71702CC1EC226EE00A2E0E4 /* LaunchScreen.storyboard */,
				F71702CF1EC226EE00A2E0E4 /* Info.plist */,
			);
			path = Quiz;
			sourceTree = "<group>";
		};
		F71702D71EC226EF00A2E0E4 /* QuizTests */ = {
			isa = PBXGroup;
			children = (
				F71702D81EC226EF00A2E0E4 /* QuizTests.swift */,
				F71702DA1EC226EF00A2E0E4 /* Info.plist */,
			);
			path = QuizTests;
			sourceTree = "<group>";
		};
		F71702E21EC226EF00A2E0E4 /* QuizUITests */ = {
			isa = PBXGroup;
			children = (
				F71702E31EC226EF00A2E0E4 /* QuizUITests.swift */,
				F71702E51EC226EF00A2E0E4 /* Info.plist */,
			);
			path = QuizUITests;
			sourceTree = "<group>";
		};
/* End PBXGroup section */

/* Begin PBXNativeTarget section */
		F71702BF1EC226EE00A2E0E4 /* Quiz */ = {
			isa = PBXNativeTarget;
			buildConfigurationList = F71702E81EC226EF00A2E0E4 /* Build configuration list for PBXNativeTarget "Quiz" */;
			buildPhases = (
				F71702BC1EC226EE00A2E0E4 /* Sources */,
				F71702BD1EC226EE00A2E0E4 /* Frameworks */,
				F71702BE1EC226EE00A2E0E4 /* Resources */,
			);
			buildRules = (
			);
			dependencies = (
			);
			name = Quiz;
			productName = Quiz;
			productReference = F71702C01EC226EE00A2E0E4 /* Quiz.app */;
			productType = "com.apple.product-type.application";
		};
		F71702D31EC226EF00A2E0E4 /* QuizTests */ = {
			isa = PBXNativeTarget;
			buildConfigurationList = F71702EB1EC226EF00A2E0E4 /* Build configuration list for PBXNativeTarget "QuizTests" */;
			buildPhases = (
				F71702D01EC226EF00A2E0E4 /* Sources */,
				F71702D11EC226EF00A2E0E4 /* Frameworks */,
				F71702D21EC226EF00A2E0E4 /* Resources */,
			);
			buildRules = (
			);
			dependencies = (
				F71702D61EC226EF00A2E0E4 /* PBXTargetDependency */,
			);
			name = QuizTests;
			productName = QuizTests;
			productReference = F71702D41EC226EF00A2E0E4 /* QuizTests.xctest */;
			productType = "com.apple.product-type.bundle.unit-test";
		};
		F71702DE1EC226EF00A2E0E4 /* QuizUITests */ = {
			isa = PBXNativeTarget;
			buildConfigurationList = F71702EE1EC226EF00A2E0E4 /* Build configuration list for PBXNativeTarget "QuizUITests" */;
			buildPhases = (
				F71702DB1EC226EF00A2E0E4 /* Sources */,
				F71702DC1EC226EF00A2E0E4 /* Frameworks */,
				F71702DD1EC226EF00A2E0E4 /* Resources */,
			);
			buildRules = (
			);
			dependencies = (
				F71702E11EC226EF00A2E0E4 /* PBXTargetDependency */,
			);
			name = QuizUITests;
			productName = QuizUITests;
			productReference = F71702DF1EC226EF00A2E0E4 /* QuizUITests.xctest */;
			productType = "com.apple.product-type.bundle.ui-testing";
		};
/* End PBXNativeTarget section */

/* Begin PBXProject section */
		F71702B81EC226EE00A2E0E4 /* Project object */ = {
			isa = PBXProject;
			attributes = {
				LastSwiftUpdateCheck = 0830;
				LastUpgradeCheck = 0830;
				ORGANIZATIONNAME = "vuntun tech";
				TargetAttributes = {
					F71702BF1EC226EE00A2E0E4 = {
						CreatedOnToolsVersion = 8.3.2;
						ProvisioningStyle = Automatic;
					};
					F71702D31EC226EF00A2E0E4 = {
						CreatedOnToolsVersion = 8.3.2;
						ProvisioningStyle = Automatic;
						TestTargetID = F71702BF1EC226EE00A2E0E4;
					};
					F71702DE1EC226EF00A2E0E4 = {
						CreatedOnToolsVersion = 8.3.2;
						ProvisioningStyle = Automatic;
						TestTargetID = F71702BF1EC226EE00A2E0E4;
					};
				};
			};
			buildConfigurationList = F71702BB1EC226EE00A2E0E4 /* Build configuration list for PBXProject "Quiz" */;
			compatibilityVersion = "Xcode 3.2";
			developmentRegion = English;
			hasScannedForEncodings = 0;
			knownRegions = (
				en,
				Base,
			);
			mainGroup = F71702B71EC226EE00A2E0E4;
			productRefGroup = F71702C11EC226EE00A2E0E4 /* Products */;
			projectDirPath = "";
			projectRoot = "";
			targets = (
				F71702BF1EC226EE00A2E0E4 /* Quiz */,
				F71702D31EC226EF00A2E0E4 /* QuizTests */,
				F71702DE1EC226EF00A2E0E4 /* QuizUITests */,
			);
		};
/* End PBXProject section */

/* Begin PBXResourcesBuildPhase section */
		F71702BE1EC226EE00A2E0E4 /* Resources */ = {
			isa = PBXResourcesBuildPhase;
			buildActionMask = 2147483647;
			files = (
				F71702CE1EC226EE00A2E0E4 /* LaunchScreen.storyboard in Resources */,
				F71702CB1EC226EE00A2E0E4 /* Assets.xcassets in Resources */,
				F71702C91EC226EE00A2E0E4 /* Main.storyboard in Resources */,
			);
			runOnlyForDeploymentPostprocessing = 0;
		};
		F71702D21EC226EF00A2E0E4 /* Resources */ = {
			isa = PBXResourcesBuildPhase;
			buildActionMask = 2147483647;
			files = (
			);
			runOnlyForDeploymentPostprocessing = 0;
		};
		F71702DD1EC226EF00A2E0E4 /* Resources */ = {
			isa = PBXResourcesBuildPhase;
			buildActionMask = 2147483647;
			files = (
			);
			runOnlyForDeploymentPostprocessing = 0;
		};
/* End PBXResourcesBuildPhase section */

/* Begin PBXSourcesBuildPhase section */
		F71702BC1EC226EE00A2E0E4 /* Sources */ = {
			isa = PBXSourcesBuildPhase;
			buildActionMask = 2147483647;
			files = (
				F71702C61EC226EE00A2E0E4 /* ViewController.swift in Sources */,
				F71702C41EC226EE00A2E0E4 /* AppDelegate.swift in Sources */,
			);
			runOnlyForDeploymentPostprocessing = 0;
		};
		F71702D01EC226EF00A2E0E4 /* Sources */ = {
			isa = PBXSourcesBuildPhase;
			buildActionMask = 2147483647;
			files = (
				F71702D91EC226EF00A2E0E4 /* QuizTests.swift in Sources */,
			);
			runOnlyForDeploymentPostprocessing = 0;
		};
		F71702DB1EC226EF00A2E0E4 /* Sources */ = {
			isa = PBXSourcesBuildPhase;
			buildActionMask = 2147483647;
			files = (
				F71702E41EC226EF00A2E0E4 /* QuizUITests.swift in Sources */,
			);
			runOnlyForDeploymentPostprocessing = 0;
		};
/* End PBXSourcesBuildPhase section */

/* Begin PBXTargetDependency section */
		F71702D61EC226EF00A2E0E4 /* PBXTargetDependency */ = {
			isa = PBXTargetDependency;
			target = F71702BF1EC226EE00A2E0E4 /* Quiz */;
			targetProxy = F71702D51EC226EF00A2E0E4 /* PBXContainerItemProxy */;
		};
		F71702E11EC226EF00A2E0E4 /* PBXTargetDependency */ = {
			isa = PBXTargetDependency;
			target = F71702BF1EC226EE00A2E0E4 /* Quiz */;
			targetProxy = F71702E01EC226EF00A2E0E4 /* PBXContainerItemProxy */;
		};
/* End PBXTargetDependency section */

/* Begin PBXVariantGroup section */
		F71702C71EC226EE00A2E0E4 /* Main.storyboard */ = {
			isa = PBXVariantGroup;
			children = (
				F71702C81EC226EE00A2E0E4 /* Base */,
			);
			name = Main.storyboard;
			sourceTree = "<group>";
		};
		F71702CC1EC226EE00A2E0E4 /* LaunchScreen.storyboard */ = {
			isa = PBXVariantGroup;
			children = (
				F71702CD1EC226EE00A2E0E4 /* Base */,
			);
			name = LaunchScreen.storyboard;
			sourceTree = "<group>";
		};
/* End PBXVariantGroup section */

/* Begin XCBuildConfiguration section */
		F71702E61EC226EF00A2E0E4 /* Debug */ = {
			isa = XCBuildConfiguration;
			buildSettings = {
				ALWAYS_SEARCH_USER_PATHS = NO;
				CLANG_ANALYZER_NONNULL = YES;
				CLANG_ANALYZER_NUMBER_OBJECT_CONVERSION = YES_AGGRESSIVE;
				CLANG_CXX_LANGUAGE_STANDARD = "gnu++0x";
				CLANG_CXX_LIBRARY = "libc++";
				CLANG_ENABLE_MODULES = YES;
				CLANG_ENABLE_OBJC_ARC = YES;
				CLANG_WARN_BOOL_CONVERSION = YES;
				CLANG_WARN_CONSTANT_CONVERSION = YES;
				CLANG_WARN_DIRECT_OBJC_ISA_USAGE = YES_ERROR;
				CLANG_WARN_DOCUMENTATION_COMMENTS = YES;
				CLANG_WARN_EMPTY_BODY = YES;
				CLANG_WARN_ENUM_CONVERSION = YES;
				CLANG_WARN_INFINITE_RECURSION = YES;
				CLANG_WARN_INT_CONVERSION = YES;
				CLANG_WARN_OBJC_ROOT_CLASS = YES_ERROR;
				CLANG_WARN_SUSPICIOUS_MOVE = YES;
				CLANG_WARN_UNREACHABLE_CODE = YES;
				CLANG_WARN__DUPLICATE_METHOD_MATCH = YES;
				"CODE_SIGN_IDENTITY[sdk=iphoneos*]" = "iPhone Developer";
				COPY_PHASE_STRIP = NO;
				DEBUG_INFORMATION_FORMAT = dwarf;
				ENABLE_STRICT_OBJC_MSGSEND = YES;
				ENABLE_TESTABILITY = YES;
				GCC_C_LANGUAGE_STANDARD = gnu99;
				GCC_DYNAMIC_NO_PIC = NO;
				GCC_NO_COMMON_BLOCKS = YES;
				GCC_OPTIMIZATION_LEVEL = 0;
				GCC_PREPROCESSOR_DEFINITIONS = (
					"DEBUG=1",
					"$(inherited)",
				);
				GCC_WARN_64_TO_32_BIT_CONVERSION = YES;
				GCC_WARN_ABOUT_RETURN_TYPE = YES_ERROR;
				GCC_WARN_UNDECLARED_SELECTOR = YES;
				GCC_WARN_UNINITIALIZED_AUTOS = YES_AGGRESSIVE;
				GCC_WARN_UNUSED_FUNCTION = YES;
				GCC_WARN_UNUSED_VARIABLE = YES;
				IPHONEOS_DEPLOYMENT_TARGET = 10.3;
				MTL_ENABLE_DEBUG_INFO = YES;
				ONLY_ACTIVE_ARCH = YES;
				SDKROOT = iphoneos;
				SWIFT_ACTIVE_COMPILATION_CONDITIONS = DEBUG;
				SWIFT_OPTIMIZATION_LEVEL = "-Onone";
				TARGETED_DEVICE_FAMILY = "1,2";
			};
			name = Debug;
		};
		F71702E71EC226EF00A2E0E4 /* Release */ = {
			isa = XCBuildConfiguration;
			buildSettings = {
				ALWAYS_SEARCH_USER_PATHS = NO;
				CLANG_ANALYZER_NONNULL = YES;
				CLANG_ANALYZER_NUMBER_OBJECT_CONVERSION = YES_AGGRESSIVE;
				CLANG_CXX_LANGUAGE_STANDARD = "gnu++0x";
				CLANG_CXX_LIBRARY = "libc++";
				CLANG_ENABLE_MODULES = YES;
				CLANG_ENABLE_OBJC_ARC = YES;
				CLANG_WARN_BOOL_CONVERSION = YES;
				CLANG_WARN_CONSTANT_CONVERSION = YES;
				CLANG_WARN_DIRECT_OBJC_ISA_USAGE = YES_ERROR;
				CLANG_WARN_DOCUMENTATION_COMMENTS = YES;
				CLANG_WARN_EMPTY_BODY = YES;
				CLANG_WARN_ENUM_CONVERSION = YES;
				CLANG_WARN_INFINITE_RECURSION = YES;
				CLANG_WARN_INT_CONVERSION = YES;
				CLANG_WARN_OBJC_ROOT_CLASS = YES_ERROR;
				CLANG_WARN_SUSPICIOUS_MOVE = YES;
				CLANG_WARN_UNREACHABLE_CODE = YES;
				CLANG_WARN__DUPLICATE_METHOD_MATCH = YES;
				"CODE_SIGN_IDENTITY[sdk=iphoneos*]" = "iPhone Developer";
				COPY_PHASE_STRIP = NO;
				DEBUG_INFORMATION_FORMAT = "dwarf-with-dsym";
				ENABLE_NS_ASSERTIONS = NO;
				ENABLE_STRICT_OBJC_MSGSEND = YES;
				GCC_C_LANGUAGE_STANDARD = gnu99;
				GCC_NO_COMMON_BLOCKS = YES;
				GCC_WARN_64_TO_32_BIT_CONVERSION = YES;
				GCC_WARN_ABOUT_RETURN_TYPE = YES_ERROR;
				GCC_WARN_UNDECLARED_SELECTOR = YES;
				GCC_WARN_UNINITIALIZED_AUTOS = YES_AGGRESSIVE;
				GCC_WARN_UNUSED_FUNCTION = YES;
				GCC_WARN_UNUSED_VARIABLE = YES;
				IPHONEOS_DEPLOYMENT_TARGET = 10.3;
				MTL_ENABLE_DEBUG_INFO = NO;
				SDKROOT = iphoneos;
				SWIFT_OPTIMIZATION_LEVEL = "-Owholemodule";
				TARGETED_DEVICE_FAMILY = "1,2";
				VALIDATE_PRODUCT = YES;
			};
			name = Release;
		};
		F71702E91EC226EF00A2E0E4 /* Debug */ = {
			isa = XCBuildConfiguration;
			buildSettings = {
				ASSETCATALOG_COMPILER_APPICON_NAME = AppIcon;
				INFOPLIST_FILE = Quiz/Info.plist;
				LD_RUNPATH_SEARCH_PATHS = "$(inherited) @executable_path/Frameworks";
				PRODUCT_BUNDLE_IDENTIFIER = com.vuntun.Quiz;
				PRODUCT_NAME = "$(TARGET_NAME)";
				SWIFT_VERSION = 3.0;
			};
			name = Debug;
		};
		F71702EA1EC226EF00A2E0E4 /* Release */ = {
			isa = XCBuildConfiguration;
			buildSettings = {
				ASSETCATALOG_COMPILER_APPICON_NAME = AppIcon;
				INFOPLIST_FILE = Quiz/Info.plist;
				LD_RUNPATH_SEARCH_PATHS = "$(inherited) @executable_path/Frameworks";
				PRODUCT_BUNDLE_IDENTIFIER = com.vuntun.Quiz;
				PRODUCT_NAME = "$(TARGET_NAME)";
				SWIFT_VERSION = 3.0;
			};
			name = Release;
		};
		F71702EC1EC226EF00A2E0E4 /* Debug */ = {
			isa = XCBuildConfiguration;
			buildSettings = {
				ALWAYS_EMBED_SWIFT_STANDARD_LIBRARIES = YES;
				BUNDLE_LOADER = "$(TEST_HOST)";
				INFOPLIST_FILE = QuizTests/Info.plist;
				LD_RUNPATH_SEARCH_PATHS = "$(inherited) @executable_path/Frameworks @loader_path/Frameworks";
				PRODUCT_BUNDLE_IDENTIFIER = com.vuntun.QuizTests;
				PRODUCT_NAME = "$(TARGET_NAME)";
				SWIFT_VERSION = 3.0;
				TEST_HOST = "$(BUILT_PRODUCTS_DIR)/Quiz.app/Quiz";
			};
			name = Debug;
		};
		F71702ED1EC226EF00A2E0E4 /* Release */ = {
			isa = XCBuildConfiguration;
			buildSettings = {
				ALWAYS_EMBED_SWIFT_STANDARD_LIBRARIES = YES;
				BUNDLE_LOADER = "$(TEST_HOST)";
				INFOPLIST_FILE = QuizTests/Info.plist;
				LD_RUNPATH_SEARCH_PATHS = "$(inherited) @executable_path/Frameworks @loader_path/Frameworks";
				PRODUCT_BUNDLE_IDENTIFIER = com.vuntun.QuizTests;
				PRODUCT_NAME = "$(TARGET_NAME)";
				SWIFT_VERSION = 3.0;
				TEST_HOST = "$(BUILT_PRODUCTS_DIR)/Quiz.app/Quiz";
			};
			name = Release;
		};
		F71702EF1EC226EF00A2E0E4 /* Debug */ = {
			isa = XCBuildConfiguration;
			buildSettings = {
				ALWAYS_EMBED_SWIFT_STANDARD_LIBRARIES = YES;
				INFOPLIST_FILE = QuizUITests/Info.plist;
				LD_RUNPATH_SEARCH_PATHS = "$(inherited) @executable_path/Frameworks @loader_path/Frameworks";
				PRODUCT_BUNDLE_IDENTIFIER = com.vuntun.QuizUITests;
				PRODUCT_NAME = "$(TARGET_NAME)";
				SWIFT_VERSION = 3.0;
				TEST_TARGET_NAME = Quiz;
			};
			name = Debug;
		};
		F71702F01EC226EF00A2E0E4 /* Release */ = {
			isa = XCBuildConfiguration;
			buildSettings = {
				ALWAYS_EMBED_SWIFT_STANDARD_LIBRARIES = YES;
				INFOPLIST_FILE = QuizUITests/Info.plist;
				LD_RUNPATH_SEARCH_PATHS = "$(inherited) @executable_path/Frameworks @loader_path/Frameworks";
				PRODUCT_BUNDLE_IDENTIFIER = com.vuntun.QuizUITests;
				PRODUCT_NAME = "$(TARGET_NAME)";
				SWIFT_VERSION = 3.0;
				TEST_TARGET_NAME = Quiz;
			};
			name = Release;
		};
/* End XCBuildConfiguration section */

/* Begin XCConfigurationList section */
		F71702BB1EC226EE00A2E0E4 /* Build configuration list for PBXProject "Quiz" */ = {
			isa = XCConfigurationList;
			buildConfigurations = (
				F71702E61EC226EF00A2E0E4 /* Debug */,
				F71702E71EC226EF00A2E0E4 /* Release */,
			);
			defaultConfigurationIsVisible = 0;
			defaultConfigurationName = Release;
		};
		F71702E81EC226EF00A2E0E4 /* Build configuration list for PBXNativeTarget "Quiz" */ = {
			isa = XCConfigurationList;
			buildConfigurations = (
				F71702E91EC226EF00A2E0E4 /* Debug */,
				F71702EA1EC226EF00A2E0E4 /* Release */,
			);
			defaultConfigurationIsVisible = 0;
		};
		F71702EB1EC226EF00A2E0E4 /* Build configuration list for PBXNativeTarget "QuizTests" */ = {
			isa = XCConfigurationList;
			buildConfigurations = (
				F71702EC1EC226EF00A2E0E4 /* Debug */,
				F71702ED1EC226EF00A2E0E4 /* Release */,
			);
			defaultConfigurationIsVisible = 0;
		};
		F71702EE1EC226EF00A2E0E4 /* Build configuration list for PBXNativeTarget "QuizUITests" */ = {
			isa = XCConfigurationList;
			buildConfigurations = (
				F71702EF1EC226EF00A2E0E4 /* Debug */,
				F71702F01EC226EF00A2E0E4 /* Release */,
			);
			defaultConfigurationIsVisible = 0;
		};
/* End XCConfigurationList section */
	};
	rootObject = F71702B81EC226EE00A2E0E4 /* Project object */;
}
